
Microsoft Visual Studio Solution File, Format Version 12.00
# Visual Studio Version 17
VisualStudioVersion = 17.13.35806.99 d17.13
MinimumVisualStudioVersion = 10.0.40219.1
Project("{FAE04EC0-301F-11D3-BF4B-00C04F79EFBC}") = "Lab4_CP", "Lab4_CP\Lab4_CP.csproj", "{07D4B109-661C-43B1-AC38-6BD5A0909F36}"
EndProject
Global
	GlobalSection(SolutionConfigurationPlatforms) = preSolution
		Debug|Any CPU = Debug|Any CPU
		Release|Any CPU = Release|Any CPU
	EndGlobalSection
	GlobalSection(ProjectConfigurationPlatforms) = postSolution
		{07D4B109-661C-43B1-AC38-6BD5A0909F36}.Debug|Any CPU.ActiveCfg = Debug|Any CPU
		{07D4B109-661C-43B1-AC38-6BD5A0909F36}.Debug|Any CPU.Build.0 = Debug|Any CPU
		{07D4B109-661C-43B1-AC38-6BD5A0909F36}.Release|Any CPU.ActiveCfg = Release|Any CPU
		{07D4B109-661C-43B1-AC38-6BD5A0909F36}.Release|Any CPU.Build.0 = Release|Any CPU
	EndGlobalSection
	GlobalSection(SolutionProperties) = preSolution
		HideSolutionNode = FALSE
	EndGlobalSection
	GlobalSection(ExtensibilityGlobals) = postSolution
		SolutionGuid = {6E7C2971-FC01-4D1F-B46E-6FA7FF2ED318}
	EndGlobalSection
EndGlobal
